
Microsoft Visual Studio Solution File, Format Version 12.00
# Visual Studio Express 15 for Windows Desktop
VisualStudioVersion = 15.0.37506.8
MinimumVisualStudioVersion = 10.0.40219.1
Project("{FAE04EC0-301F-11D3-BF4B-00C04F79EFBC}") = "ShuttingStarsWin", "ShuttingStarsWin\ShuttingStarsWin.csproj", "{1C9043D2-6D4B-45CC-AACA-0C07A636D817}"
EndProject
Global
	GlobalSection(SolutionConfigurationPlatforms) = preSolution
		Debug|Any CPU = Debug|Any CPU
		Release|Any CPU = Release|Any CPU
	EndGlobalSection
	GlobalSection(ProjectConfigurationPlatforms) = postSolution
		{1C9043D2-6D4B-45CC-AACA-0C07A636D817}.Debug|Any CPU.ActiveCfg = Debug|Any CPU
		{1C9043D2-6D4B-45CC-AACA-0C07A636D817}.Debug|Any CPU.Build.0 = Debug|Any CPU
		{1C9043D2-6D4B-45CC-AACA-0C07A636D817}.Release|Any CPU.ActiveCfg = Release|Any CPU
		{1C9043D2-6D4B-45CC-AACA-0C07A636D817}.Release|Any CPU.Build.0 = Release|Any CPU
	EndGlobalSection
	GlobalSection(SolutionProperties) = preSolution
		HideSolutionNode = FALSE
	EndGlobalSection
	GlobalSection(ExtensibilityGlobals) = postSolution
		SolutionGuid = {725BE6F1-D827-4199-8C78-85CB0A1F831A}
	EndGlobalSection
EndGlobal
